
Microsoft Visual Studio Solution File, Format Version 12.00
# Visual Studio Version 17
VisualStudioVersion = 17.0.32014.148
MinimumVisualStudioVersion = 10.0.40219.1
Project("{2150E333-8FDC-42A3-9474-1A3956D46DE8}") = "1 - Services", "1 - Services", "{25F34F2A-A65B-4181-9419-B6A00E644508}"
EndProject
Project("{2150E333-8FDC-42A3-9474-1A3956D46DE8}") = "3 - Domain", "3 - Domain", "{06797C66-7500-44EB-873E-4643476377E4}"
EndProject
Project("{2150E333-8FDC-42A3-9474-1A3956D46DE8}") = "4 - Infrastructure", "4 - Infrastructure", "{074F9EE9-13D5-464E-BD9F-9EDD9DBD7104}"
EndProject
Project("{9A19103F-16F7-4668-BE54-9A1E7A4F7556}") = "RestApiModeloDDD.API", "RestApiModeloDDD.API\RestApiModeloDDD.API.csproj", "{DF6763DC-DB9F-4664-B50C-8CBA3A6B7C9A}"
EndProject
Project("{9A19103F-16F7-4668-BE54-9A1E7A4F7556}") = "RestApiModeloDDD.Domain", "RestApiModeloDDD.Domain\RestApiModeloDDD.Domain.csproj", "{256A5052-AE39-444C-BDAF-848E4F659F2C}"
EndProject
Project("{9A19103F-16F7-4668-BE54-9A1E7A4F7556}") = "RestApiModeloDDD.Domain.Core", "RestApiModeloDDD.Domain.Core\RestApiModeloDDD.Domain.Core.csproj", "{1D4898F5-58DC-46CB-B436-CA5F276915C3}"
EndProject
Project("{9A19103F-16F7-4668-BE54-9A1E7A4F7556}") = "RestApiModeloDDD.Domain.Services", "RestApiModeloDDD.Domain.Services\RestApiModeloDDD.Domain.Services.csproj", "{BCED01D6-F623-495B-B91C-8C073177C0D2}"
EndProject
Project("{9A19103F-16F7-4668-BE54-9A1E7A4F7556}") = "RestApiModeloDDD.Infrastructure", "RestApiModeloDDD.Infrastructure\RestApiModeloDDD.Infrastructure.csproj", "{66D756FA-218B-474E-8B76-6C5ABEFBD6D1}"
EndProject
Project("{2150E333-8FDC-42A3-9474-1A3956D46DE8}") = "2 - Application", "2 - Application", "{527085F6-C9B3-4EF7-A674-FE19F014704C}"
EndProject
Project("{FAE04EC0-301F-11D3-BF4B-00C04F79EFBC}") = "RestApiModeloDDD.Application", "RestApiModeloDDD.Application\RestApiModeloDDD.Application.csproj", "{86EB6EC4-83E8-4F81-8D1F-2442A54562F7}"
EndProject
Global
	GlobalSection(SolutionConfigurationPlatforms) = preSolution
		Debug|Any CPU = Debug|Any CPU
		Release|Any CPU = Release|Any CPU
	EndGlobalSection
	GlobalSection(ProjectConfigurationPlatforms) = postSolution
		{DF6763DC-DB9F-4664-B50C-8CBA3A6B7C9A}.Debug|Any CPU.ActiveCfg = Debug|Any CPU
		{DF6763DC-DB9F-4664-B50C-8CBA3A6B7C9A}.Debug|Any CPU.Build.0 = Debug|Any CPU
		{DF6763DC-DB9F-4664-B50C-8CBA3A6B7C9A}.Release|Any CPU.ActiveCfg = Release|Any CPU
		{DF6763DC-DB9F-4664-B50C-8CBA3A6B7C9A}.Release|Any CPU.Build.0 = Release|Any CPU
		{256A5052-AE39-444C-BDAF-848E4F659F2C}.Debug|Any CPU.ActiveCfg = Debug|Any CPU
		{256A5052-AE39-444C-BDAF-848E4F659F2C}.Debug|Any CPU.Build.0 = Debug|Any CPU
		{256A5052-AE39-444C-BDAF-848E4F659F2C}.Release|Any CPU.ActiveCfg = Release|Any CPU
		{256A5052-AE39-444C-BDAF-848E4F659F2C}.Release|Any CPU.Build.0 = Release|Any CPU
		{1D4898F5-58DC-46CB-B436-CA5F276915C3}.Debug|Any CPU.ActiveCfg = Debug|Any CPU
		{1D4898F5-58DC-46CB-B436-CA5F276915C3}.Debug|Any CPU.Build.0 = Debug|Any CPU
		{1D4898F5-58DC-46CB-B436-CA5F276915C3}.Release|Any CPU.ActiveCfg = Release|Any CPU
		{1D4898F5-58DC-46CB-B436-CA5F276915C3}.Release|Any CPU.Build.0 = Release|Any CPU
		{BCED01D6-F623-495B-B91C-8C073177C0D2}.Debug|Any CPU.ActiveCfg = Debug|Any CPU
		{BCED01D6-F623-495B-B91C-8C073177C0D2}.Debug|Any CPU.Build.0 = Debug|Any CPU
		{BCED01D6-F623-495B-B91C-8C073177C0D2}.Release|Any CPU.ActiveCfg = Release|Any CPU
		{BCED01D6-F623-495B-B91C-8C073177C0D2}.Release|Any CPU.Build.0 = Release|Any CPU
		{66D756FA-218B-474E-8B76-6C5ABEFBD6D1}.Debug|Any CPU.ActiveCfg = Debug|Any CPU
		{66D756FA-218B-474E-8B76-6C5ABEFBD6D1}.Debug|Any CPU.Build.0 = Debug|Any CPU
		{66D756FA-218B-474E-8B76-6C5ABEFBD6D1}.Release|Any CPU.ActiveCfg = Release|Any CPU
		{66D756FA-218B-474E-8B76-6C5ABEFBD6D1}.Release|Any CPU.Build.0 = Release|Any CPU
		{86EB6EC4-83E8-4F81-8D1F-2442A54562F7}.Debug|Any CPU.ActiveCfg = Debug|Any CPU
		{86EB6EC4-83E8-4F81-8D1F-2442A54562F7}.Debug|Any CPU.Build.0 = Debug|Any CPU
		{86EB6EC4-83E8-4F81-8D1F-2442A54562F7}.Release|Any CPU.ActiveCfg = Release|Any CPU
		{86EB6EC4-83E8-4F81-8D1F-2442A54562F7}.Release|Any CPU.Build.0 = Release|Any CPU
	EndGlobalSection
	GlobalSection(SolutionProperties) = preSolution
		HideSolutionNode = FALSE
	EndGlobalSection
	GlobalSection(NestedProjects) = preSolution
		{DF6763DC-DB9F-4664-B50C-8CBA3A6B7C9A} = {25F34F2A-A65B-4181-9419-B6A00E644508}
		{256A5052-AE39-444C-BDAF-848E4F659F2C} = {06797C66-7500-44EB-873E-4643476377E4}
		{1D4898F5-58DC-46CB-B436-CA5F276915C3} = {06797C66-7500-44EB-873E-4643476377E4}
		{BCED01D6-F623-495B-B91C-8C073177C0D2} = {06797C66-7500-44EB-873E-4643476377E4}
		{66D756FA-218B-474E-8B76-6C5ABEFBD6D1} = {074F9EE9-13D5-464E-BD9F-9EDD9DBD7104}
		{86EB6EC4-83E8-4F81-8D1F-2442A54562F7} = {527085F6-C9B3-4EF7-A674-FE19F014704C}
	EndGlobalSection
	GlobalSection(ExtensibilityGlobals) = postSolution
		SolutionGuid = {94A2762C-EB8A-4192-AAF4-B403ACB300E8}
	EndGlobalSection
EndGlobal
